
Microsoft Visual Studio Solution File, Format Version 12.00
# Visual Studio Version 16
VisualStudioVersion = 16.0.29418.71
MinimumVisualStudioVersion = 10.0.40219.1
Project("{FAE04EC0-301F-11D3-BF4B-00C04F79EFBC}") = "BetriebsmittelStammApp", "BetriebsmittelStammApp\BetriebsmittelStammApp.csproj", "{337264FD-2862-4E1A-B37D-A09974AFF9B8}"
EndProject
Project("{FAE04EC0-301F-11D3-BF4B-00C04F79EFBC}") = "AdressConsoleApp", "AdressConsoleApp\AdressConsoleApp.csproj", "{FA05AA35-119B-403F-975C-52333DB38E3B}"
EndProject
Project("{FAE04EC0-301F-11D3-BF4B-00C04F79EFBC}") = "AbrechnungConsoleApp", "AbrechnungConsoleApp\AbrechnungConsoleApp.csproj", "{6B9D668A-D277-4594-9A3E-388B3F16BE27}"
EndProject
Project("{2150E333-8FDC-42A3-9474-1A3956D46DE8}") = "Solution Items", "Solution Items", "{85CF6834-144C-4E23-B6CF-59F762A52D9D}"
	ProjectSection(SolutionItems) = preProject
		LICENSE = LICENSE
		README.md = README.md
	EndProjectSection
EndProject
Project("{FAE04EC0-301F-11D3-BF4B-00C04F79EFBC}") = "LvKopierenApp", "LvKopierenApp\LvKopierenApp.csproj", "{00646B82-F317-4998-817D-BE25AF126BB7}"
EndProject
Global
	GlobalSection(SolutionConfigurationPlatforms) = preSolution
		Debug|Any CPU = Debug|Any CPU
		Release|Any CPU = Release|Any CPU
	EndGlobalSection
	GlobalSection(ProjectConfigurationPlatforms) = postSolution
		{337264FD-2862-4E1A-B37D-A09974AFF9B8}.Debug|Any CPU.ActiveCfg = Debug|Any CPU
		{337264FD-2862-4E1A-B37D-A09974AFF9B8}.Debug|Any CPU.Build.0 = Debug|Any CPU
		{337264FD-2862-4E1A-B37D-A09974AFF9B8}.Release|Any CPU.ActiveCfg = Release|Any CPU
		{337264FD-2862-4E1A-B37D-A09974AFF9B8}.Release|Any CPU.Build.0 = Release|Any CPU
		{FA05AA35-119B-403F-975C-52333DB38E3B}.Debug|Any CPU.ActiveCfg = Debug|Any CPU
		{FA05AA35-119B-403F-975C-52333DB38E3B}.Debug|Any CPU.Build.0 = Debug|Any CPU
		{FA05AA35-119B-403F-975C-52333DB38E3B}.Release|Any CPU.ActiveCfg = Release|Any CPU
		{FA05AA35-119B-403F-975C-52333DB38E3B}.Release|Any CPU.Build.0 = Release|Any CPU
		{6B9D668A-D277-4594-9A3E-388B3F16BE27}.Debug|Any CPU.ActiveCfg = Debug|Any CPU
		{6B9D668A-D277-4594-9A3E-388B3F16BE27}.Debug|Any CPU.Build.0 = Debug|Any CPU
		{6B9D668A-D277-4594-9A3E-388B3F16BE27}.Release|Any CPU.ActiveCfg = Release|Any CPU
		{6B9D668A-D277-4594-9A3E-388B3F16BE27}.Release|Any CPU.Build.0 = Release|Any CPU
		{00646B82-F317-4998-817D-BE25AF126BB7}.Debug|Any CPU.ActiveCfg = Debug|Any CPU
		{00646B82-F317-4998-817D-BE25AF126BB7}.Debug|Any CPU.Build.0 = Debug|Any CPU
		{00646B82-F317-4998-817D-BE25AF126BB7}.Release|Any CPU.ActiveCfg = Release|Any CPU
		{00646B82-F317-4998-817D-BE25AF126BB7}.Release|Any CPU.Build.0 = Release|Any CPU
	EndGlobalSection
	GlobalSection(SolutionProperties) = preSolution
		HideSolutionNode = FALSE
	EndGlobalSection
	GlobalSection(ExtensibilityGlobals) = postSolution
		SolutionGuid = {31CB591A-7AEB-417D-BA47-7060A6238563}
	EndGlobalSection
EndGlobal
